// !$*UTF8*$!
{
	archiveVersion = 1;
	classes = {
	};
	objectVersion = 50;
	objects = {

/* Begin PBXBuildFile section */
		506763E1224478AF000E6EFA /* AppDelegate.swift in Sources */ = {isa = PBXBuildFile; fileRef = 506763E0224478AF000E6EFA /* AppDelegate.swift */; };
		506763E3224478AF000E6EFA /* ViewController.swift in Sources */ = {isa = PBXBuildFile; fileRef = 506763E2224478AF000E6EFA /* ViewController.swift */; };
		506763E6224478AF000E6EFA /* Main.storyboard in Resources */ = {isa = PBXBuildFile; fileRef = 506763E4224478AF000E6EFA /* Main.storyboard */; };
		506763E8224478BC000E6EFA /* Assets.xcassets in Resources */ = {isa = PBXBuildFile; fileRef = 506763E7224478BC000E6EFA /* Assets.xcassets */; };
		506763EB224478BC000E6EFA /* LaunchScreen.storyboard in Resources */ = {isa = PBXBuildFile; fileRef = 506763E9224478BC000E6EFA /* LaunchScreen.storyboard */; };
		506763F3224479C2000E6EFA /* GoogleService-Info.plist in Resources */ = {isa = PBXBuildFile; fileRef = 506763F2224479C2000E6EFA /* GoogleService-Info.plist */; };
		9815FB9BFFFA95334D638E9B /* Pods_FireBaseConfiguracao.framework in Frameworks */ = {isa = PBXBuildFile; fileRef = 0A8EF0E159A6B51E49F57719 /* Pods_FireBaseConfiguracao.framework */; };
/* End PBXBuildFile section */

/* Begin PBXFileReference section */
		0A8EF0E159A6B51E49F57719 /* Pods_FireBaseConfiguracao.framework */ = {isa = PBXFileReference; explicitFileType = wrapper.framework; includeInIndex = 0; path = Pods_FireBaseConfiguracao.framework; sourceTree = BUILT_PRODUCTS_DIR; };
		506763DD224478AF000E6EFA /* FireBaseConfiguracao.app */ = {isa = PBXFileReference; explicitFileType = wrapper.application; includeInIndex = 0; path = FireBaseConfiguracao.app; sourceTree = BUILT_PRODUCTS_DIR; };
		506763E0224478AF000E6EFA /* AppDelegate.swift */ = {isa = PBXFileReference; lastKnownFileType = sourcecode.swift; path = AppDelegate.swift; sourceTree = "<group>"; };
		506763E2224478AF000E6EFA /* ViewController.swift */ = {isa = PBXFileReference; lastKnownFileType = sourcecode.swift; path = ViewController.swift; sourceTree = "<group>"; };
		506763E5224478AF000E6EFA /* Base */ = {isa = PBXFileReference; lastKnownFileType = file.storyboard; name = Base; path = Base.lproj/Main.storyboard; sourceTree = "<group>"; };
		506763E7224478BC000E6EFA /* Assets.xcassets */ = {isa = PBXFileReference; lastKnownFileType = folder.assetcatalog; path = Assets.xcassets; sourceTree = "<group>"; };
		506763EA224478BC000E6EFA /* Base */ = {isa = PBXFileReference; lastKnownFileType = file.storyboard; name = Base; path = Base.lproj/LaunchScreen.storyboard; sourceTree = "<group>"; };
		506763EC224478BC000E6EFA /* Info.plist */ = {isa = PBXFileReference; lastKnownFileType = text.plist.xml; path = Info.plist; sourceTree = "<group>"; };
		506763F2224479C2000E6EFA /* GoogleService-Info.plist */ = {isa = PBXFileReference; fileEncoding = 4; lastKnownFileType = text.plist.xml; name = "GoogleService-Info.plist"; path = "../../../../Downloads/GoogleService-Info.plist"; sourceTree = "<group>"; };
		D464F6E6524FE7F79713C8DB /* Pods-FireBaseConfiguracao.debug.xcconfig */ = {isa = PBXFileReference; includeInIndex = 1; lastKnownFileType = text.xcconfig; name = "Pods-FireBaseConfiguracao.debug.xcconfig"; path = "Pods/Target Support Files/Pods-FireBaseConfiguracao/Pods-FireBaseConfiguracao.debug.xcconfig"; sourceTree = "<group>"; };
		E3350795CAD545C9206654EB /* Pods-FireBaseConfiguracao.release.xcconfig */ = {isa = PBXFileReference; includeInIndex = 1; lastKnownFileType = text.xcconfig; name = "Pods-FireBaseConfiguracao.release.xcconfig"; path = "Pods/Target Support Files/Pods-FireBaseConfiguracao/Pods-FireBaseConfiguracao.release.xcconfig"; sourceTree = "<group>"; };
/* End PBXFileReference section */

/* Begin PBXFrameworksBuildPhase section */
		506763DA224478AF000E6EFA /* Frameworks */ = {
			isa = PBXFrameworksBuildPhase;
			buildActionMask = 2147483647;
			files = (
				9815FB9BFFFA95334D638E9B /* Pods_FireBaseConfiguracao.framework in Frameworks */,
			);
			runOnlyForDeploymentPostprocessing = 0;
		};
/* End PBXFrameworksBuildPhase section */

/* Begin PBXGroup section */
		17D6D04CE16E615D939E4888 /* Frameworks */ = {
			isa = PBXGroup;
			children = (
				0A8EF0E159A6B51E49F57719 /* Pods_FireBaseConfiguracao.framework */,
			);
			name = Frameworks;
			sourceTree = "<group>";
		};
		506763D4224478AE000E6EFA = {
			isa = PBXGroup;
			children = (
				506763DF224478AF000E6EFA /* FireBaseConfiguracao */,
				506763DE224478AF000E6EFA /* Products */,
				F88C0AA8ED1C962EA2DC788B /* Pods */,
				17D6D04CE16E615D939E4888 /* Frameworks */,
			);
			sourceTree = "<group>";
		};
		506763DE224478AF000E6EFA /* Products */ = {
			isa = PBXGroup;
			children = (
				506763DD224478AF000E6EFA /* FireBaseConfiguracao.app */,
			);
			name = Products;
			sourceTree = "<group>";
		};
		506763DF224478AF000E6EFA /* FireBaseConfiguracao */ = {
			isa = PBXGroup;
			children = (
				506763E0224478AF000E6EFA /* AppDelegate.swift */,
				506763E2224478AF000E6EFA /* ViewController.swift */,
				506763E4224478AF000E6EFA /* Main.storyboard */,
				506763E7224478BC000E6EFA /* Assets.xcassets */,
				506763E9224478BC000E6EFA /* LaunchScreen.storyboard */,
				506763EC224478BC000E6EFA /* Info.plist */,
				506763F2224479C2000E6EFA /* GoogleService-Info.plist */,
			);
			path = FireBaseConfiguracao;
			sourceTree = "<group>";
		};
		F88C0AA8ED1C962EA2DC788B /* Pods */ = {
			isa = PBXGroup;
			children = (
				D464F6E6524FE7F79713C8DB /* Pods-FireBaseConfiguracao.debug.xcconfig */,
				E3350795CAD545C9206654EB /* Pods-FireBaseConfiguracao.release.xcconfig */,
			);
			name = Pods;
			sourceTree = "<group>";
		};
/* End PBXGroup section */

/* Begin PBXNativeTarget section */
		506763DC224478AF000E6EFA /* FireBaseConfiguracao */ = {
			isa = PBXNativeTarget;
			buildConfigurationList = 506763EF224478BC000E6EFA /* Build configuration list for PBXNativeTarget "FireBaseConfiguracao" */;
			buildPhases = (
				0E3BB56405347E049D33A283 /* [CP] Check Pods Manifest.lock */,
				506763D9224478AF000E6EFA /* Sources */,
				506763DA224478AF000E6EFA /* Frameworks */,
				506763DB224478AF000E6EFA /* Resources */,
				B7D06611E86019ED9200CC25 /* [CP] Embed Pods Frameworks */,
			);
			buildRules = (
			);
			dependencies = (
			);
			name = FireBaseConfiguracao;
			productName = FireBaseConfiguracao;
			productReference = 506763DD224478AF000E6EFA /* FireBaseConfiguracao.app */;
			productType = "com.apple.product-type.application";
		};
/* End PBXNativeTarget section */

/* Begin PBXProject section */
		506763D5224478AE000E6EFA /* Project object */ = {
			isa = PBXProject;
			attributes = {
				LastSwiftUpdateCheck = 1010;
				LastUpgradeCheck = 1010;
				ORGANIZATIONNAME = Rinver;
				TargetAttributes = {
					506763DC224478AF000E6EFA = {
						CreatedOnToolsVersion = 10.1;
					};
				};
			};
			buildConfigurationList = 506763D8224478AF000E6EFA /* Build configuration list for PBXProject "FireBaseConfiguracao" */;
			compatibilityVersion = "Xcode 9.3";
			developmentRegion = en;
			hasScannedForEncodings = 0;
			knownRegions = (
				en,
				Base,
			);
			mainGroup = 506763D4224478AE000E6EFA;
			productRefGroup = 506763DE224478AF000E6EFA /* Products */;
			projectDirPath = "";
			projectRoot = "";
			targets = (
				506763DC224478AF000E6EFA /* FireBaseConfiguracao */,
			);
		};
/* End PBXProject section */

/* Begin PBXResourcesBuildPhase section */
		506763DB224478AF000E6EFA /* Resources */ = {
			isa = PBXResourcesBuildPhase;
			buildActionMask = 2147483647;
			files = (
				506763EB224478BC000E6EFA /* LaunchScreen.storyboard in Resources */,
				506763F3224479C2000E6EFA /* GoogleService-Info.plist in Resources */,
				506763E8224478BC000E6EFA /* Assets.xcassets in Resources */,
				506763E6224478AF000E6EFA /* Main.storyboard in Resources */,
			);
			runOnlyForDeploymentPostprocessing = 0;
		};
/* End PBXResourcesBuildPhase section */

/* Begin PBXShellScriptBuildPhase section */
		0E3BB56405347E049D33A283 /* [CP] Check Pods Manifest.lock */ = {
			isa = PBXShellScriptBuildPhase;
			buildActionMask = 2147483647;
			files = (
			);
			inputFileListPaths = (
			);
			inputPaths = (
				"${PODS_PODFILE_DIR_PATH}/Podfile.lock",
				"${PODS_ROOT}/Manifest.lock",
			);
			name = "[CP] Check Pods Manifest.lock";
			outputFileListPaths = (
			);
			outputPaths = (
				"$(DERIVED_FILE_DIR)/Pods-FireBaseConfiguracao-checkManifestLockResult.txt",
			);
			runOnlyForDeploymentPostprocessing = 0;
			shellPath = /bin/sh;
			shellScript = "diff \"${PODS_PODFILE_DIR_PATH}/Podfile.lock\" \"${PODS_ROOT}/Manifest.lock\" > /dev/null\nif [ $? != 0 ] ; then\n    # print error to STDERR\n    echo \"error: The sandbox is not in sync with the Podfile.lock. Run 'pod install' or update your CocoaPods installation.\" >&2\n    exit 1\nfi\n# This output is used by Xcode 'outputs' to avoid re-running this script phase.\necho \"SUCCESS\" > \"${SCRIPT_OUTPUT_FILE_0}\"\n";
			showEnvVarsInLog = 0;
		};
		B7D06611E86019ED9200CC25 /* [CP] Embed Pods Frameworks */ = {
			isa = PBXShellScriptBuildPhase;
			buildActionMask = 2147483647;
			files = (
			);
			inputFileListPaths = (
			);
			inputPaths = (
				"${SRCROOT}/Pods/Target Support Files/Pods-FireBaseConfiguracao/Pods-FireBaseConfiguracao-frameworks.sh",
				"${BUILT_PRODUCTS_DIR}/GTMSessionFetcher/GTMSessionFetcher.framework",
				"${BUILT_PRODUCTS_DIR}/GoogleUtilities/GoogleUtilities.framework",
				"${BUILT_PRODUCTS_DIR}/leveldb-library/leveldb.framework",
				"${BUILT_PRODUCTS_DIR}/nanopb/nanopb.framework",
			);
			name = "[CP] Embed Pods Frameworks";
			outputFileListPaths = (
			);
			outputPaths = (
				"${TARGET_BUILD_DIR}/${FRAMEWORKS_FOLDER_PATH}/GTMSessionFetcher.framework",
				"${TARGET_BUILD_DIR}/${FRAMEWORKS_FOLDER_PATH}/GoogleUtilities.framework",
				"${TARGET_BUILD_DIR}/${FRAMEWORKS_FOLDER_PATH}/leveldb.framework",
				"${TARGET_BUILD_DIR}/${FRAMEWORKS_FOLDER_PATH}/nanopb.framework",
			);
			runOnlyForDeploymentPostprocessing = 0;
			shellPath = /bin/sh;
			shellScript = "\"${SRCROOT}/Pods/Target Support Files/Pods-FireBaseConfiguracao/Pods-FireBaseConfiguracao-frameworks.sh\"\n";
			showEnvVarsInLog = 0;
		};
/* End PBXShellScriptBuildPhase section */

/* Begin PBXSourcesBuildPhase section */
		506763D9224478AF000E6EFA /* Sources */ = {
			isa = PBXSourcesBuildPhase;
			buildActionMask = 2147483647;
			files = (
				506763E3224478AF000E6EFA /* ViewController.swift in Sources */,
				506763E1224478AF000E6EFA /* AppDelegate.swift in Sources */,
			);
			runOnlyForDeploymentPostprocessing = 0;
		};
/* End PBXSourcesBuildPhase section */

/* Begin PBXVariantGroup section */
		506763E4224478AF000E6EFA /* Main.storyboard */ = {
			isa = PBXVariantGroup;
			children = (
				506763E5224478AF000E6EFA /* Base */,
			);
			name = Main.storyboard;
			sourceTree = "<group>";
		};
		506763E9224478BC000E6EFA /* LaunchScreen.storyboard */ = {
			isa = PBXVariantGroup;
			children = (
				506763EA224478BC000E6EFA /* Base */,
			);
			name = LaunchScreen.storyboard;
			sourceTree = "<group>";
		};
/* End PBXVariantGroup section */

/* Begin XCBuildConfiguration section */
		506763ED224478BC000E6EFA /* Debug */ = {
			isa = XCBuildConfiguration;
			buildSettings = {
				ALWAYS_SEARCH_USER_PATHS = NO;
				CLANG_ANALYZER_NONNULL = YES;
				CLANG_ANALYZER_NUMBER_OBJECT_CONVERSION = YES_AGGRESSIVE;
				CLANG_CXX_LANGUAGE_STANDARD = "gnu++14";
				CLANG_CXX_LIBRARY = "libc++";
				CLANG_ENABLE_MODULES = YES;
				CLANG_ENABLE_OBJC_ARC = YES;
				CLANG_ENABLE_OBJC_WEAK = YES;
				CLANG_WARN_BLOCK_CAPTURE_AUTORELEASING = YES;
				CLANG_WARN_BOOL_CONVERSION = YES;
				CLANG_WARN_COMMA = YES;
				CLANG_WARN_CONSTANT_CONVERSION = YES;
				CLANG_WARN_DEPRECATED_OBJC_IMPLEMENTATIONS = YES;
				CLANG_WARN_DIRECT_OBJC_ISA_USAGE = YES_ERROR;
				CLANG_WARN_DOCUMENTATION_COMMENTS = YES;
				CLANG_WARN_EMPTY_BODY = YES;
				CLANG_WARN_ENUM_CONVERSION = YES;
				CLANG_WARN_INFINITE_RECURSION = YES;
				CLANG_WARN_INT_CONVERSION = YES;
				CLANG_WARN_NON_LITERAL_NULL_CONVERSION = YES;
				CLANG_WARN_OBJC_IMPLICIT_RETAIN_SELF = YES;
				CLANG_WARN_OBJC_LITERAL_CONVERSION = YES;
				CLANG_WARN_OBJC_ROOT_CLASS = YES_ERROR;
				CLANG_WARN_RANGE_LOOP_ANALYSIS = YES;
				CLANG_WARN_STRICT_PROTOTYPES = YES;
				CLANG_WARN_SUSPICIOUS_MOVE = YES;
				CLANG_WARN_UNGUARDED_AVAILABILITY = YES_AGGRESSIVE;
				CLANG_WARN_UNREACHABLE_CODE = YES;
				CLANG_WARN__DUPLICATE_METHOD_MATCH = YES;
				CODE_SIGN_IDENTITY = "iPhone Developer";
				COPY_PHASE_STRIP = NO;
				DEBUG_INFORMATION_FORMAT = dwarf;
				ENABLE_STRICT_OBJC_MSGSEND = YES;
				ENABLE_TESTABILITY = YES;
				GCC_C_LANGUAGE_STANDARD = gnu11;
				GCC_DYNAMIC_NO_PIC = NO;
				GCC_NO_COMMON_BLOCKS = YES;
				GCC_OPTIMIZATION_LEVEL = 0;
				GCC_PREPROCESSOR_DEFINITIONS = (
					"DEBUG=1",
					"$(inherited)",
				);
				GCC_WARN_64_TO_32_BIT_CONVERSION = YES;
				GCC_WARN_ABOUT_RETURN_TYPE = YES_ERROR;
				GCC_WARN_UNDECLARED_SELECTOR = YES;
				GCC_WARN_UNINITIALIZED_AUTOS = YES_AGGRESSIVE;
				GCC_WARN_UNUSED_FUNCTION = YES;
				GCC_WARN_UNUSED_VARIABLE = YES;
				IPHONEOS_DEPLOYMENT_TARGET = 12.1;
				MTL_ENABLE_DEBUG_INFO = INCLUDE_SOURCE;
				MTL_FAST_MATH = YES;
				ONLY_ACTIVE_ARCH = YES;
				SDKROOT = iphoneos;
				SWIFT_ACTIVE_COMPILATION_CONDITIONS = DEBUG;
				SWIFT_OPTIMIZATION_LEVEL = "-Onone";
			};
			name = Debug;
		};
		506763EE224478BC000E6EFA /* Release */ = {
			isa = XCBuildConfiguration;
			buildSettings = {
				ALWAYS_SEARCH_USER_PATHS = NO;
				CLANG_ANALYZER_NONNULL = YES;
				CLANG_ANALYZER_NUMBER_OBJECT_CONVERSION = YES_AGGRESSIVE;
				CLANG_CXX_LANGUAGE_STANDARD = "gnu++14";
				CLANG_CXX_LIBRARY = "libc++";
				CLANG_ENABLE_MODULES = YES;
				CLANG_ENABLE_OBJC_ARC = YES;
				CLANG_ENABLE_OBJC_WEAK = YES;
				CLANG_WARN_BLOCK_CAPTURE_AUTORELEASING = YES;
				CLANG_WARN_BOOL_CONVERSION = YES;
				CLANG_WARN_COMMA = YES;
				CLANG_WARN_CONSTANT_CONVERSION = YES;
				CLANG_WARN_DEPRECATED_OBJC_IMPLEMENTATIONS = YES;
				CLANG_WARN_DIRECT_OBJC_ISA_USAGE = YES_ERROR;
				CLANG_WARN_DOCUMENTATION_COMMENTS = YES;
				CLANG_WARN_EMPTY_BODY = YES;
				CLANG_WARN_ENUM_CONVERSION = YES;
				CLANG_WARN_INFINITE_RECURSION = YES;
				CLANG_WARN_INT_CONVERSION = YES;
				CLANG_WARN_NON_LITERAL_NULL_CONVERSION = YES;
				CLANG_WARN_OBJC_IMPLICIT_RETAIN_SELF = YES;
				CLANG_WARN_OBJC_LITERAL_CONVERSION = YES;
				CLANG_WARN_OBJC_ROOT_CLASS = YES_ERROR;
				CLANG_WARN_RANGE_LOOP_ANALYSIS = YES;
				CLANG_WARN_STRICT_PROTOTYPES = YES;
				CLANG_WARN_SUSPICIOUS_MOVE = YES;
				CLANG_WARN_UNGUARDED_AVAILABILITY = YES_AGGRESSIVE;
				CLANG_WARN_UNREACHABLE_CODE = YES;
				CLANG_WARN__DUPLICATE_METHOD_MATCH = YES;
				CODE_SIGN_IDENTITY = "iPhone Developer";
				COPY_PHASE_STRIP = NO;
				DEBUG_INFORMATION_FORMAT = "dwarf-with-dsym";
				ENABLE_NS_ASSERTIONS = NO;
				ENABLE_STRICT_OBJC_MSGSEND = YES;
				GCC_C_LANGUAGE_STANDARD = gnu11;
				GCC_NO_COMMON_BLOCKS = YES;
				GCC_WARN_64_TO_32_BIT_CONVERSION = YES;
				GCC_WARN_ABOUT_RETURN_TYPE = YES_ERROR;
				GCC_WARN_UNDECLARED_SELECTOR = YES;
				GCC_WARN_UNINITIALIZED_AUTOS = YES_AGGRESSIVE;
				GCC_WARN_UNUSED_FUNCTION = YES;
				GCC_WARN_UNUSED_VARIABLE = YES;
				IPHONEOS_DEPLOYMENT_TARGET = 12.1;
				MTL_ENABLE_DEBUG_INFO = NO;
				MTL_FAST_MATH = YES;
				SDKROOT = iphoneos;
				SWIFT_COMPILATION_MODE = wholemodule;
				SWIFT_OPTIMIZATION_LEVEL = "-O";
				VALIDATE_PRODUCT = YES;
			};
			name = Release;
		};
		506763F0224478BC000E6EFA /* Debug */ = {
			isa = XCBuildConfiguration;
			baseConfigurationReference = D464F6E6524FE7F79713C8DB /* Pods-FireBaseConfiguracao.debug.xcconfig */;
			buildSettings = {
				ASSETCATALOG_COMPILER_APPICON_NAME = AppIcon;
				CODE_SIGN_STYLE = Automatic;
				INFOPLIST_FILE = FireBaseConfiguracao/Info.plist;
				LD_RUNPATH_SEARCH_PATHS = (
					"$(inherited)",
					"@executable_path/Frameworks",
				);
				PRODUCT_BUNDLE_IDENTIFIER = br.com.vsantoryu.FireBaseConfiguracao;
				PRODUCT_NAME = "$(TARGET_NAME)";
				SWIFT_VERSION = 4.2;
				TARGETED_DEVICE_FAMILY = "1,2";
			};
			name = Debug;
		};
		506763F1224478BC000E6EFA /* Release */ = {
			isa = XCBuildConfiguration;
			baseConfigurationReference = E3350795CAD545C9206654EB /* Pods-FireBaseConfiguracao.release.xcconfig */;
			buildSettings = {
				ASSETCATALOG_COMPILER_APPICON_NAME = AppIcon;
				CODE_SIGN_STYLE = Automatic;
				INFOPLIST_FILE = FireBaseConfiguracao/Info.plist;
				LD_RUNPATH_SEARCH_PATHS = (
					"$(inherited)",
					"@executable_path/Frameworks",
				);
				PRODUCT_BUNDLE_IDENTIFIER = br.com.vsantoryu.FireBaseConfiguracao;
				PRODUCT_NAME = "$(TARGET_NAME)";
				SWIFT_VERSION = 4.2;
				TARGETED_DEVICE_FAMILY = "1,2";
			};
			name = Release;
		};
/* End XCBuildConfiguration section */

/* Begin XCConfigurationList section */
		506763D8224478AF000E6EFA /* Build configuration list for PBXProject "FireBaseConfiguracao" */ = {
			isa = XCConfigurationList;
			buildConfigurations = (
				506763ED224478BC000E6EFA /* Debug */,
				506763EE224478BC000E6EFA /* Release */,
			);
			defaultConfigurationIsVisible = 0;
			defaultConfigurationName = Release;
		};
		506763EF224478BC000E6EFA /* Build configuration list for PBXNativeTarget "FireBaseConfiguracao" */ = {
			isa = XCConfigurationList;
			buildConfigurations = (
				506763F0224478BC000E6EFA /* Debug */,
				506763F1224478BC000E6EFA /* Release */,
			);
			defaultConfigurationIsVisible = 0;
			defaultConfigurationName = Release;
		};
/* End XCConfigurationList section */
	};
	rootObject = 506763D5224478AE000E6EFA /* Project object */;
}
